
Microsoft Visual Studio Solution File, Format Version 12.00
# Visual Studio Version 17
VisualStudioVersion = 17.2.32630.192
MinimumVisualStudioVersion = 10.0.40219.1
Project("{2150E333-8FDC-42A3-9474-1A3956D46DE8}") = "Solution Items", "Solution Items", "{D437BB0C-8F77-42F3-B26A-4714385AEC41}"
	ProjectSection(SolutionItems) = preProject
		Notes.txt = Notes.txt
	EndProjectSection
EndProject
Project("{FAE04EC0-301F-11D3-BF4B-00C04F79EFBC}") = "Helpers.Tests", "Helpers.Tests\Helpers.Tests.csproj", "{EDA59FBA-A44D-463A-A4FC-B9B412ADB0B5}"
EndProject
Project("{FAE04EC0-301F-11D3-BF4B-00C04F79EFBC}") = "ShoppingCard", "ClassLibrary1\ShoppingCard.csproj", "{D6BBF0CC-18AA-4F29-AC1D-44747C667F68}"
EndProject
Project("{FAE04EC0-301F-11D3-BF4B-00C04F79EFBC}") = "ShoppingCard.Test", "ShoppingCard.Test\ShoppingCard.Test.csproj", "{82174A1A-2A9A-4D03-9956-2B81884FCD53}"
EndProject
Project("{FAE04EC0-301F-11D3-BF4B-00C04F79EFBC}") = "ShoppingCardClassLevel", "ShoppingCardClassLevel\ShoppingCardClassLevel.csproj", "{C53B4298-B84B-47CC-9E8D-2F98B43BD1C1}"
EndProject
Project("{FAE04EC0-301F-11D3-BF4B-00C04F79EFBC}") = "ShoppingCardClassLevel.Test", "ShoppingCardClassLevel.Test\ShoppingCardClassLevel.Test.csproj", "{CEED7971-2613-4A56-B8DE-0BD9CE1609D0}"
EndProject
Project("{FAE04EC0-301F-11D3-BF4B-00C04F79EFBC}") = "AssemblyLevel.Test", "AssemblyLevel.Test\AssemblyLevel.Test.csproj", "{D94B2E82-60FA-4792-BD1E-5EA6ED854E1B}"
EndProject
Project("{FAE04EC0-301F-11D3-BF4B-00C04F79EFBC}") = "ExpectedException.Test", "ExpectedException.Test\ExpectedException.Test.csproj", "{FA84CDE0-F0A0-468E-ABFC-7B84D7B2C76A}"
EndProject
Project("{FAE04EC0-301F-11D3-BF4B-00C04F79EFBC}") = "Asserts.Test", "Asserts.Test\Asserts.Test.csproj", "{72174F29-ED3C-4A0F-972C-5F5202959E25}"
EndProject
Project("{FAE04EC0-301F-11D3-BF4B-00C04F79EFBC}") = "AssertsCollection", "AssertsCollection\AssertsCollection.csproj", "{3C3EF25A-5467-41F3-877B-E1B54AF32C59}"
EndProject
Project("{FAE04EC0-301F-11D3-BF4B-00C04F79EFBC}") = "AssertsString", "AssertsString\AssertsString.csproj", "{3DC17D92-9698-4317-A050-02C09D87BE7F}"
EndProject
Project("{FAE04EC0-301F-11D3-BF4B-00C04F79EFBC}") = "TestContextDemo.Test", "TestContext.Test\TestContextDemo.Test.csproj", "{D681BD15-7C16-4505-BFC4-A4543FB7D9D8}"
EndProject
Project("{FAE04EC0-301F-11D3-BF4B-00C04F79EFBC}") = "BusinnesLayer.DataDrivenUnitTest", "BusinnesLayer.DataDrivenUnitTest\BusinnesLayer.DataDrivenUnitTest.csproj", "{AC6921ED-11DC-46AB-9340-F216C747497F}"
EndProject
Project("{FAE04EC0-301F-11D3-BF4B-00C04F79EFBC}") = "BusinnesLayer.DataDrivenUnitTest.Test", "BusinnesLayer.DataDrivenUnitTest.Test\BusinnesLayer.DataDrivenUnitTest.Test.csproj", "{B9E0DADA-C08F-4B98-A764-29F1F8190F08}"
EndProject
Global
	GlobalSection(SolutionConfigurationPlatforms) = preSolution
		Debug|Any CPU = Debug|Any CPU
		Release|Any CPU = Release|Any CPU
	EndGlobalSection
	GlobalSection(ProjectConfigurationPlatforms) = postSolution
		{EDA59FBA-A44D-463A-A4FC-B9B412ADB0B5}.Debug|Any CPU.ActiveCfg = Debug|Any CPU
		{EDA59FBA-A44D-463A-A4FC-B9B412ADB0B5}.Debug|Any CPU.Build.0 = Debug|Any CPU
		{EDA59FBA-A44D-463A-A4FC-B9B412ADB0B5}.Release|Any CPU.ActiveCfg = Release|Any CPU
		{EDA59FBA-A44D-463A-A4FC-B9B412ADB0B5}.Release|Any CPU.Build.0 = Release|Any CPU
		{D6BBF0CC-18AA-4F29-AC1D-44747C667F68}.Debug|Any CPU.ActiveCfg = Debug|Any CPU
		{D6BBF0CC-18AA-4F29-AC1D-44747C667F68}.Debug|Any CPU.Build.0 = Debug|Any CPU
		{D6BBF0CC-18AA-4F29-AC1D-44747C667F68}.Release|Any CPU.ActiveCfg = Release|Any CPU
		{D6BBF0CC-18AA-4F29-AC1D-44747C667F68}.Release|Any CPU.Build.0 = Release|Any CPU
		{82174A1A-2A9A-4D03-9956-2B81884FCD53}.Debug|Any CPU.ActiveCfg = Debug|Any CPU
		{82174A1A-2A9A-4D03-9956-2B81884FCD53}.Debug|Any CPU.Build.0 = Debug|Any CPU
		{82174A1A-2A9A-4D03-9956-2B81884FCD53}.Release|Any CPU.ActiveCfg = Release|Any CPU
		{82174A1A-2A9A-4D03-9956-2B81884FCD53}.Release|Any CPU.Build.0 = Release|Any CPU
		{C53B4298-B84B-47CC-9E8D-2F98B43BD1C1}.Debug|Any CPU.ActiveCfg = Debug|Any CPU
		{C53B4298-B84B-47CC-9E8D-2F98B43BD1C1}.Debug|Any CPU.Build.0 = Debug|Any CPU
		{C53B4298-B84B-47CC-9E8D-2F98B43BD1C1}.Release|Any CPU.ActiveCfg = Release|Any CPU
		{C53B4298-B84B-47CC-9E8D-2F98B43BD1C1}.Release|Any CPU.Build.0 = Release|Any CPU
		{CEED7971-2613-4A56-B8DE-0BD9CE1609D0}.Debug|Any CPU.ActiveCfg = Debug|Any CPU
		{CEED7971-2613-4A56-B8DE-0BD9CE1609D0}.Debug|Any CPU.Build.0 = Debug|Any CPU
		{CEED7971-2613-4A56-B8DE-0BD9CE1609D0}.Release|Any CPU.ActiveCfg = Release|Any CPU
		{CEED7971-2613-4A56-B8DE-0BD9CE1609D0}.Release|Any CPU.Build.0 = Release|Any CPU
		{D94B2E82-60FA-4792-BD1E-5EA6ED854E1B}.Debug|Any CPU.ActiveCfg = Debug|Any CPU
		{D94B2E82-60FA-4792-BD1E-5EA6ED854E1B}.Debug|Any CPU.Build.0 = Debug|Any CPU
		{D94B2E82-60FA-4792-BD1E-5EA6ED854E1B}.Release|Any CPU.ActiveCfg = Release|Any CPU
		{D94B2E82-60FA-4792-BD1E-5EA6ED854E1B}.Release|Any CPU.Build.0 = Release|Any CPU
		{FA84CDE0-F0A0-468E-ABFC-7B84D7B2C76A}.Debug|Any CPU.ActiveCfg = Debug|Any CPU
		{FA84CDE0-F0A0-468E-ABFC-7B84D7B2C76A}.Debug|Any CPU.Build.0 = Debug|Any CPU
		{FA84CDE0-F0A0-468E-ABFC-7B84D7B2C76A}.Release|Any CPU.ActiveCfg = Release|Any CPU
		{FA84CDE0-F0A0-468E-ABFC-7B84D7B2C76A}.Release|Any CPU.Build.0 = Release|Any CPU
		{72174F29-ED3C-4A0F-972C-5F5202959E25}.Debug|Any CPU.ActiveCfg = Debug|Any CPU
		{72174F29-ED3C-4A0F-972C-5F5202959E25}.Debug|Any CPU.Build.0 = Debug|Any CPU
		{72174F29-ED3C-4A0F-972C-5F5202959E25}.Release|Any CPU.ActiveCfg = Release|Any CPU
		{72174F29-ED3C-4A0F-972C-5F5202959E25}.Release|Any CPU.Build.0 = Release|Any CPU
		{3C3EF25A-5467-41F3-877B-E1B54AF32C59}.Debug|Any CPU.ActiveCfg = Debug|Any CPU
		{3C3EF25A-5467-41F3-877B-E1B54AF32C59}.Debug|Any CPU.Build.0 = Debug|Any CPU
		{3C3EF25A-5467-41F3-877B-E1B54AF32C59}.Release|Any CPU.ActiveCfg = Release|Any CPU
		{3C3EF25A-5467-41F3-877B-E1B54AF32C59}.Release|Any CPU.Build.0 = Release|Any CPU
		{3DC17D92-9698-4317-A050-02C09D87BE7F}.Debug|Any CPU.ActiveCfg = Debug|Any CPU
		{3DC17D92-9698-4317-A050-02C09D87BE7F}.Debug|Any CPU.Build.0 = Debug|Any CPU
		{3DC17D92-9698-4317-A050-02C09D87BE7F}.Release|Any CPU.ActiveCfg = Release|Any CPU
		{3DC17D92-9698-4317-A050-02C09D87BE7F}.Release|Any CPU.Build.0 = Release|Any CPU
		{D681BD15-7C16-4505-BFC4-A4543FB7D9D8}.Debug|Any CPU.ActiveCfg = Debug|Any CPU
		{D681BD15-7C16-4505-BFC4-A4543FB7D9D8}.Debug|Any CPU.Build.0 = Debug|Any CPU
		{D681BD15-7C16-4505-BFC4-A4543FB7D9D8}.Release|Any CPU.ActiveCfg = Release|Any CPU
		{D681BD15-7C16-4505-BFC4-A4543FB7D9D8}.Release|Any CPU.Build.0 = Release|Any CPU
		{AC6921ED-11DC-46AB-9340-F216C747497F}.Debug|Any CPU.ActiveCfg = Debug|Any CPU
		{AC6921ED-11DC-46AB-9340-F216C747497F}.Debug|Any CPU.Build.0 = Debug|Any CPU
		{AC6921ED-11DC-46AB-9340-F216C747497F}.Release|Any CPU.ActiveCfg = Release|Any CPU
		{AC6921ED-11DC-46AB-9340-F216C747497F}.Release|Any CPU.Build.0 = Release|Any CPU
		{B9E0DADA-C08F-4B98-A764-29F1F8190F08}.Debug|Any CPU.ActiveCfg = Debug|Any CPU
		{B9E0DADA-C08F-4B98-A764-29F1F8190F08}.Debug|Any CPU.Build.0 = Debug|Any CPU
		{B9E0DADA-C08F-4B98-A764-29F1F8190F08}.Release|Any CPU.ActiveCfg = Release|Any CPU
		{B9E0DADA-C08F-4B98-A764-29F1F8190F08}.Release|Any CPU.Build.0 = Release|Any CPU
	EndGlobalSection
	GlobalSection(SolutionProperties) = preSolution
		HideSolutionNode = FALSE
	EndGlobalSection
	GlobalSection(ExtensibilityGlobals) = postSolution
		SolutionGuid = {51130E22-E757-455C-B126-9F2579158F99}
	EndGlobalSection
EndGlobal
